
Microsoft Visual Studio Solution File, Format Version 11.00
# Visual Studio 2010
Project("{F184B08F-C81C-45F6-A57F-5ABD9991F28F}") = "NDGPCALC", "NDGPCALC\NDGPCALC.vbproj", "{415120A5-3D8A-4902-928A-5A71EAB1E706}"
EndProject
Global
	GlobalSection(SolutionConfigurationPlatforms) = preSolution
		Debug|x86 = Debug|x86
		Release|x86 = Release|x86
	EndGlobalSection
	GlobalSection(ProjectConfigurationPlatforms) = postSolution
		{415120A5-3D8A-4902-928A-5A71EAB1E706}.Debug|x86.ActiveCfg = Debug|x86
		{415120A5-3D8A-4902-928A-5A71EAB1E706}.Debug|x86.Build.0 = Debug|x86
		{415120A5-3D8A-4902-928A-5A71EAB1E706}.Release|x86.ActiveCfg = Release|x86
		{415120A5-3D8A-4902-928A-5A71EAB1E706}.Release|x86.Build.0 = Release|x86
	EndGlobalSection
	GlobalSection(SolutionProperties) = preSolution
		HideSolutionNode = FALSE
	EndGlobalSection
EndGlobal
